
Microsoft Visual Studio Solution File, Format Version 12.00
# Visual Studio Version 17
VisualStudioVersion = 17.8.34330.188
MinimumVisualStudioVersion = 10.0.40219.1
Project("{9A19103F-16F7-4668-BE54-9A1E7A4F7556}") = "EventManagement.API", "EventManagement.API\EventManagement.API.csproj", "{1AF4AEE6-484A-4972-83E6-1A1D40CB2584}"
EndProject
Project("{9A19103F-16F7-4668-BE54-9A1E7A4F7556}") = "EventManagement.Domain", "EventManagement.Domain\EventManagement.Domain.csproj", "{81DD42E7-BDAC-41FF-B3D3-98C170E9BF84}"
EndProject
Project("{FAE04EC0-301F-11D3-BF4B-00C04F79EFBC}") = "EventManagement.Infrastructure", "EventManagement.Infrastructure\EventManagement.Infrastructure.csproj", "{6D8B6A6A-5535-45B8-9795-85337A003A67}"
EndProject
Global
	GlobalSection(SolutionConfigurationPlatforms) = preSolution
		Debug|Any CPU = Debug|Any CPU
		Release|Any CPU = Release|Any CPU
	EndGlobalSection
	GlobalSection(ProjectConfigurationPlatforms) = postSolution
		{1AF4AEE6-484A-4972-83E6-1A1D40CB2584}.Debug|Any CPU.ActiveCfg = Debug|Any CPU
		{1AF4AEE6-484A-4972-83E6-1A1D40CB2584}.Debug|Any CPU.Build.0 = Debug|Any CPU
		{1AF4AEE6-484A-4972-83E6-1A1D40CB2584}.Release|Any CPU.ActiveCfg = Release|Any CPU
		{1AF4AEE6-484A-4972-83E6-1A1D40CB2584}.Release|Any CPU.Build.0 = Release|Any CPU
		{81DD42E7-BDAC-41FF-B3D3-98C170E9BF84}.Debug|Any CPU.ActiveCfg = Debug|Any CPU
		{81DD42E7-BDAC-41FF-B3D3-98C170E9BF84}.Debug|Any CPU.Build.0 = Debug|Any CPU
		{81DD42E7-BDAC-41FF-B3D3-98C170E9BF84}.Release|Any CPU.ActiveCfg = Release|Any CPU
		{81DD42E7-BDAC-41FF-B3D3-98C170E9BF84}.Release|Any CPU.Build.0 = Release|Any CPU
		{6D8B6A6A-5535-45B8-9795-85337A003A67}.Debug|Any CPU.ActiveCfg = Debug|Any CPU
		{6D8B6A6A-5535-45B8-9795-85337A003A67}.Debug|Any CPU.Build.0 = Debug|Any CPU
		{6D8B6A6A-5535-45B8-9795-85337A003A67}.Release|Any CPU.ActiveCfg = Release|Any CPU
		{6D8B6A6A-5535-45B8-9795-85337A003A67}.Release|Any CPU.Build.0 = Release|Any CPU
	EndGlobalSection
	GlobalSection(SolutionProperties) = preSolution
		HideSolutionNode = FALSE
	EndGlobalSection
	GlobalSection(ExtensibilityGlobals) = postSolution
		SolutionGuid = {423FE975-0E67-43A3-8E9F-63803D582A8A}
	EndGlobalSection
EndGlobal
